lockfileVersion: 5.4

specifiers:
  cz-git: ^1.4.0

devDependencies:
  cz-git: registry.npmmirror.com/cz-git/1.4.0

packages:

  registry.npmmirror.com/cz-git/1.4.0:
    resolution: {integrity: sha512-3ZC3jA337Qp5FkoqBwIFG3o+R70oHl1iRpEd3dAjbUnU/rUA4YK2hy7A3PueSgcPh9HslPCcqXdeL+jWAbTrNw==, registry: http://registry.npm.taobao.org/, tarball: https://registry.npmmirror.com/cz-git/-/cz-git-1.4.0.tgz}
    name: cz-git
    version: 1.4.0
    dev: true
